
Microsoft Visual Studio Solution File, Format Version 12.00
# Visual Studio Version 16
VisualStudioVersion = 16.0.29806.167
MinimumVisualStudioVersion = 10.0.40219.1
Project("{FAE04EC0-301F-11D3-BF4B-00C04F79EFBC}") = "TestDemoProject", "TestDemoProject\TestDemoProject.csproj", "{354FB74B-F0FE-4FE7-8E73-C8BAFCF9FCA5}"
EndProject
Global
	GlobalSection(SolutionConfigurationPlatforms) = preSolution
		Debug|Any CPU = Debug|Any CPU
		Release|Any CPU = Release|Any CPU
	EndGlobalSection
	GlobalSection(ProjectConfigurationPlatforms) = postSolution
		{354FB74B-F0FE-4FE7-8E73-C8BAFCF9FCA5}.Debug|Any CPU.ActiveCfg = Debug|Any CPU
		{354FB74B-F0FE-4FE7-8E73-C8BAFCF9FCA5}.Debug|Any CPU.Build.0 = Debug|Any CPU
		{354FB74B-F0FE-4FE7-8E73-C8BAFCF9FCA5}.Release|Any CPU.ActiveCfg = Release|Any CPU
		{354FB74B-F0FE-4FE7-8E73-C8BAFCF9FCA5}.Release|Any CPU.Build.0 = Release|Any CPU
	EndGlobalSection
	GlobalSection(SolutionProperties) = preSolution
		HideSolutionNode = FALSE
	EndGlobalSection
	GlobalSection(ExtensibilityGlobals) = postSolution
		SolutionGuid = {60F1EC43-D44A-4801-9CB2-3A95518D957B}
	EndGlobalSection
EndGlobal
